
Microsoft Visual Studio Solution File, Format Version 12.00
# Visual Studio 15
VisualStudioVersion = 15.0.26430.16
MinimumVisualStudioVersion = 10.0.40219.1
Project("{FAE04EC0-301F-11D3-BF4B-00C04F79EFBC}") = "ListOpenWindows", "ListOpenWindows\ListOpenWindows.csproj", "{C38ECEFF-8A81-45E6-BC05-C58C4E37B6AD}"
EndProject
Global
	GlobalSection(SolutionConfigurationPlatforms) = preSolution
		Debug|Any CPU = Debug|Any CPU
		Debug|x64 = Debug|x64
		Release|Any CPU = Release|Any CPU
		Release|x64 = Release|x64
	EndGlobalSection
	GlobalSection(ProjectConfigurationPlatforms) = postSolution
		{C38ECEFF-8A81-45E6-BC05-C58C4E37B6AD}.Debug|Any CPU.ActiveCfg = Debug|Any CPU
		{C38ECEFF-8A81-45E6-BC05-C58C4E37B6AD}.Debug|Any CPU.Build.0 = Debug|Any CPU
		{C38ECEFF-8A81-45E6-BC05-C58C4E37B6AD}.Debug|x64.ActiveCfg = Debug|x64
		{C38ECEFF-8A81-45E6-BC05-C58C4E37B6AD}.Debug|x64.Build.0 = Debug|x64
		{C38ECEFF-8A81-45E6-BC05-C58C4E37B6AD}.Release|Any CPU.ActiveCfg = Release|Any CPU
		{C38ECEFF-8A81-45E6-BC05-C58C4E37B6AD}.Release|Any CPU.Build.0 = Release|Any CPU
		{C38ECEFF-8A81-45E6-BC05-C58C4E37B6AD}.Release|x64.ActiveCfg = Release|x64
		{C38ECEFF-8A81-45E6-BC05-C58C4E37B6AD}.Release|x64.Build.0 = Release|x64
	EndGlobalSection
	GlobalSection(SolutionProperties) = preSolution
		HideSolutionNode = FALSE
	EndGlobalSection
EndGlobal
